
Microsoft Visual Studio Solution File, Format Version 12.00
# Visual Studio Version 17
VisualStudioVersion = 17.5.33530.505
MinimumVisualStudioVersion = 10.0.40219.1
Project("{FAE04EC0-301F-11D3-BF4B-00C04F79EFBC}") = "Clock_Widget", "Clock_Widget\Clock_Widget.csproj", "{1D0297B8-9C7C-4F31-BB3E-5A8CCF9828BA}"
EndProject
Global
	GlobalSection(SolutionConfigurationPlatforms) = preSolution
		Debug|Any CPU = Debug|Any CPU
		Release|Any CPU = Release|Any CPU
	EndGlobalSection
	GlobalSection(ProjectConfigurationPlatforms) = postSolution
		{1D0297B8-9C7C-4F31-BB3E-5A8CCF9828BA}.Debug|Any CPU.ActiveCfg = Debug|Any CPU
		{1D0297B8-9C7C-4F31-BB3E-5A8CCF9828BA}.Debug|Any CPU.Build.0 = Debug|Any CPU
		{1D0297B8-9C7C-4F31-BB3E-5A8CCF9828BA}.Release|Any CPU.ActiveCfg = Release|Any CPU
		{1D0297B8-9C7C-4F31-BB3E-5A8CCF9828BA}.Release|Any CPU.Build.0 = Release|Any CPU
	EndGlobalSection
	GlobalSection(SolutionProperties) = preSolution
		HideSolutionNode = FALSE
	EndGlobalSection
	GlobalSection(ExtensibilityGlobals) = postSolution
		SolutionGuid = {F054E0A9-EC75-46F0-880B-69E84710ABD5}
	EndGlobalSection
EndGlobal
